
Microsoft Visual Studio Solution File, Format Version 12.00
# Visual Studio 2013
VisualStudioVersion = 12.0.31101.0
MinimumVisualStudioVersion = 10.0.40219.1
Project("{8BC9CEB8-8B4A-11D0-8D11-00A0C91BC942}") = "GameOfLife", "GameOfLife.vcxproj", "{D52A6475-AB72-4E83-8B9A-5FB1D6DEA9CD}"
	ProjectSection(ProjectDependencies) = postProject
		{68759DF7-EA40-4F29-A764-32D31B0C5EEB} = {68759DF7-EA40-4F29-A764-32D31B0C5EEB}
	EndProjectSection
EndProject
Project("{8BC9CEB8-8B4A-11D0-8D11-00A0C91BC942}") = "GameOfLifeLibrary", "GameOfLifeLibrary.vcxproj", "{68759DF7-EA40-4F29-A764-32D31B0C5EEB}"
EndProject
Project("{8BC9CEB8-8B4A-11D0-8D11-00A0C91BC942}") = "GameOfLifeTests", "GameOfLifeTests.vcxproj", "{282846B8-F6E8-4E12-9DB8-95B44C68C43C}"
	ProjectSection(ProjectDependencies) = postProject
		{68759DF7-EA40-4F29-A764-32D31B0C5EEB} = {68759DF7-EA40-4F29-A764-32D31B0C5EEB}
	EndProjectSection
EndProject
Project("{8BC9CEB8-8B4A-11D0-8D11-00A0C91BC942}") = "gtest", "..\gtest\msvc\gtest.vcxproj", "{D0B4271D-88ED-45ED-B7FE-4255AE19E956}"
EndProject
Project("{8BC9CEB8-8B4A-11D0-8D11-00A0C91BC942}") = "gtest_main", "..\gtest\msvc\gtest_main.vcxproj", "{6E219BA5-9E5F-49A8-82EF-CF1427D90A81}"
EndProject
Global
	GlobalSection(SolutionConfigurationPlatforms) = preSolution
		Debug|Win32 = Debug|Win32
		Release|Win32 = Release|Win32
	EndGlobalSection
	GlobalSection(ProjectConfigurationPlatforms) = postSolution
		{D52A6475-AB72-4E83-8B9A-5FB1D6DEA9CD}.Debug|Win32.ActiveCfg = Debug|Win32
		{D52A6475-AB72-4E83-8B9A-5FB1D6DEA9CD}.Debug|Win32.Build.0 = Debug|Win32
		{D52A6475-AB72-4E83-8B9A-5FB1D6DEA9CD}.Release|Win32.ActiveCfg = Release|Win32
		{D52A6475-AB72-4E83-8B9A-5FB1D6DEA9CD}.Release|Win32.Build.0 = Release|Win32
		{68759DF7-EA40-4F29-A764-32D31B0C5EEB}.Debug|Win32.ActiveCfg = Debug|Win32
		{68759DF7-EA40-4F29-A764-32D31B0C5EEB}.Debug|Win32.Build.0 = Debug|Win32
		{68759DF7-EA40-4F29-A764-32D31B0C5EEB}.Release|Win32.ActiveCfg = Release|Win32
		{68759DF7-EA40-4F29-A764-32D31B0C5EEB}.Release|Win32.Build.0 = Release|Win32
		{282846B8-F6E8-4E12-9DB8-95B44C68C43C}.Debug|Win32.ActiveCfg = Debug|Win32
		{282846B8-F6E8-4E12-9DB8-95B44C68C43C}.Debug|Win32.Build.0 = Debug|Win32
		{282846B8-F6E8-4E12-9DB8-95B44C68C43C}.Release|Win32.ActiveCfg = Release|Win32
		{282846B8-F6E8-4E12-9DB8-95B44C68C43C}.Release|Win32.Build.0 = Release|Win32
		{D0B4271D-88ED-45ED-B7FE-4255AE19E956}.Debug|Win32.ActiveCfg = Debug|Win32
		{D0B4271D-88ED-45ED-B7FE-4255AE19E956}.Debug|Win32.Build.0 = Debug|Win32
		{D0B4271D-88ED-45ED-B7FE-4255AE19E956}.Release|Win32.ActiveCfg = Release|Win32
		{D0B4271D-88ED-45ED-B7FE-4255AE19E956}.Release|Win32.Build.0 = Release|Win32
		{6E219BA5-9E5F-49A8-82EF-CF1427D90A81}.Debug|Win32.ActiveCfg = Debug|Win32
		{6E219BA5-9E5F-49A8-82EF-CF1427D90A81}.Debug|Win32.Build.0 = Debug|Win32
		{6E219BA5-9E5F-49A8-82EF-CF1427D90A81}.Release|Win32.ActiveCfg = Release|Win32
		{6E219BA5-9E5F-49A8-82EF-CF1427D90A81}.Release|Win32.Build.0 = Release|Win32
	EndGlobalSection
	GlobalSection(SolutionProperties) = preSolution
		HideSolutionNode = FALSE
	EndGlobalSection
EndGlobal
